{
    "name": "welcome",
    "version": "0.0.0",
    "lockfileVersion": 3,
    "requires": true,
    "packages": {
        "": {
            "name": "welcome",
            "version": "0.0.0",
            "devDependencies": {
                "@nefantaris/core": "file:../nefantaris-core"
            }
        },
        "../nefantaris-core": {
            "name": "@nefantaris/core",
            "version": "0.3.0",
            "dev": true,
            "license": "MIT",
            "dependencies": {
                "remark-directive": "4.0.0",
                "remark-frontmatter": "5.0.0",
                "remark-gfm": "4.0.1",
                "remark-parse": "11.0.0",
                "unified": "11.0.5",
                "yaml": "2.9.0"
            },
            "bin": {
                "nef": "dist/cli/index.js"
            },
            "devDependencies": {
                "@lhci/cli": "0.15.1",
                "@playwright/test": "1.62.1",
                "@types/mdast": "4.0.4",
                "@types/node": "26.3.0",
                "mdast-util-directive": "3.1.0",
                "prettier": "3.9.6",
                "tsx": "4.23.12",
                "typescript": "7.0.2"
            },
            "engines": {
                "node": ">=20.19.0"
            }
        },
        "node_modules/@nefantaris/core": {
            "resolved": "../nefantaris-core",
            "link": true
        }
    }
}
